PODS:
  - FlutterMacOS (1.0.0)
  - launch_at_startup (0.0.1):
    - FlutterMacOS

DEPENDENCIES:
  - FlutterMacOS (from `Flutter/ephemeral`)
  - launch_at_startup (from `Flutter/ephemeral/.symlinks/plugins/launch_at_startup/macos`)

EXTERNAL SOURCES:
  FlutterMacOS:
    :path: Flutter/ephemeral
  launch_at_startup:
    :path: Flutter/ephemeral/.symlinks/plugins/launch_at_startup/macos

SPEC CHECKSUMS:
  FlutterMacOS: c232990155153907050900a2e175c7773903ba4e
  launch_at_startup: 76d0788c31957ca371613b61de00dc445b582e62

PODFILE CHECKSUM: 1e95c36afbfd1cb6423ceca4de7a8e1b256fb6ac

COCOAPODS: 1.17.0
